// !$*UTF8*$!
{
	archiveVersion = 1;
	classes = {
	};
	objectVersion = 46;
	objects = {

/* Begin PBXBuildFile section */
		B3004C821D0A4B6700420023 /* FontInfoViewController.m in Sources */ = {isa = PBXBuildFile; fileRef = B3004C811D0A4B6700420023 /* FontInfoViewController.m */; };
		B34A52081D06D6B300088C6D /* main.m in Sources */ = {isa = PBXBuildFile; fileRef = B34A52071D06D6B300088C6D /* main.m */; };
		B34A520B1D06D6B300088C6D /* AppDelegate.m in Sources */ = {isa = PBXBuildFile; fileRef = B34A520A1D06D6B300088C6D /* AppDelegate.m */; };
		B34A52111D06D6B300088C6D /* Main.storyboard in Resources */ = {isa = PBXBuildFile; fileRef = B34A520F1D06D6B300088C6D /* Main.storyboard */; };
		B34A52131D06D6B300088C6D /* Assets.xcassets in Resources */ = {isa = PBXBuildFile; fileRef = B34A52121D06D6B300088C6D /* Assets.xcassets */; };
		B34A52161D06D6B300088C6D /* LaunchScreen.storyboard in Resources */ = {isa = PBXBuildFile; fileRef = B34A52141D06D6B300088C6D /* LaunchScreen.storyboard */; };
		B34A52211D06D6B400088C6D /* FontsTests.m in Sources */ = {isa = PBXBuildFile; fileRef = B34A52201D06D6B400088C6D /* FontsTests.m */; };
		B34A522C1D06D6B400088C6D /* FontsUITests.m in Sources */ = {isa = PBXBuildFile; fileRef = B34A522B1D06D6B400088C6D /* FontsUITests.m */; };
		B34A523B1D06D74D00088C6D /* FavoritesList.m in Sources */ = {isa = PBXBuildFile; fileRef = B34A523A1D06D74D00088C6D /* FavoritesList.m */; };
		B34A523E1D07187C00088C6D /* RootViewController.m in Sources */ = {isa = PBXBuildFile; fileRef = B34A523D1D07187C00088C6D /* RootViewController.m */; };
		B34A52411D09616D00088C6D /* FontListViewController.m in Sources */ = {isa = PBXBuildFile; fileRef = B34A52401D09616D00088C6D /* FontListViewController.m */; };
		B34A52441D09687900088C6D /* FontSizesViewController.m in Sources */ = {isa = PBXBuildFile; fileRef = B34A52431D09687900088C6D /* FontSizesViewController.m */; };
/* End PBXBuildFile section */

/* Begin PBXContainerItemProxy section */
		B34A521D1D06D6B400088C6D /* PBXContainerItemProxy */ = {
			isa = PBXContainerItemProxy;
			containerPortal = B34A51FB1D06D6B300088C6D /* Project object */;
			proxyType = 1;
			remoteGlobalIDString = B34A52021D06D6B300088C6D;
			remoteInfo = Fonts;
		};
		B34A52281D06D6B400088C6D /* PBXContainerItemProxy */ = {
			isa = PBXContainerItemProxy;
			containerPortal = B34A51FB1D06D6B300088C6D /* Project object */;
			proxyType = 1;
			remoteGlobalIDString = B34A52021D06D6B300088C6D;
			remoteInfo = Fonts;
		};
/* End PBXContainerItemProxy section */

/* Begin PBXFileReference section */
		B3004C801D0A4B6700420023 /* FontInfoViewController.h */ = {isa = PBXFileReference; fileEncoding = 4; lastKnownFileType = sourcecode.c.h; path = FontInfoViewController.h; sourceTree = "<group>"; };
		B3004C811D0A4B6700420023 /* FontInfoViewController.m */ = {isa = PBXFileReference; fileEncoding = 4; lastKnownFileType = sourcecode.c.objc; path = FontInfoViewController.m; sourceTree = "<group>"; };
		B34A52031D06D6B300088C6D /* Fonts.app */ = {isa = PBXFileReference; explicitFileType = wrapper.application; includeInIndex = 0; path = Fonts.app; sourceTree = BUILT_PRODUCTS_DIR; };
		B34A52071D06D6B300088C6D /* main.m */ = {isa = PBXFileReference; lastKnownFileType = sourcecode.c.objc; path = main.m; sourceTree = "<group>"; };
		B34A52091D06D6B300088C6D /* AppDelegate.h */ = {isa = PBXFileReference; lastKnownFileType = sourcecode.c.h; path = AppDelegate.h; sourceTree = "<group>"; };
		B34A520A1D06D6B300088C6D /* AppDelegate.m */ = {isa = PBXFileReference; lastKnownFileType = sourcecode.c.objc; path = AppDelegate.m; sourceTree = "<group>"; };
		B34A52101D06D6B300088C6D /* Base */ = {isa = PBXFileReference; lastKnownFileType = file.storyboard; name = Base; path = Base.lproj/Main.storyboard; sourceTree = "<group>"; };
		B34A52121D06D6B300088C6D /* Assets.xcassets */ = {isa = PBXFileReference; lastKnownFileType = folder.assetcatalog; path = Assets.xcassets; sourceTree = "<group>"; };
		B34A52151D06D6B300088C6D /* Base */ = {isa = PBXFileReference; lastKnownFileType = file.storyboard; name = Base; path = Base.lproj/LaunchScreen.storyboard; sourceTree = "<group>"; };
		B34A52171D06D6B300088C6D /* Info.plist */ = {isa = PBXFileReference; lastKnownFileType = text.plist.xml; path = Info.plist; sourceTree = "<group>"; };
		B34A521C1D06D6B400088C6D /* FontsTests.xctest */ = {isa = PBXFileReference; explicitFileType = wrapper.cfbundle; includeInIndex = 0; path = FontsTests.xctest; sourceTree = BUILT_PRODUCTS_DIR; };
		B34A52201D06D6B400088C6D /* FontsTests.m */ = {isa = PBXFileReference; lastKnownFileType = sourcecode.c.objc; path = FontsTests.m; sourceTree = "<group>"; };
		B34A52221D06D6B400088C6D /* Info.plist */ = {isa = PBXFileReference; lastKnownFileType = text.plist.xml; path = Info.plist; sourceTree = "<group>"; };
		B34A52271D06D6B400088C6D /* FontsUITests.xctest */ = {isa = PBXFileReference; explicitFileType = wrapper.cfbundle; includeInIndex = 0; path = FontsUITests.xctest; sourceTree = BUILT_PRODUCTS_DIR; };
		B34A522B1D06D6B400088C6D /* FontsUITests.m */ = {isa = PBXFileReference; lastKnownFileType = sourcecode.c.objc; path = FontsUITests.m; sourceTree = "<group>"; };
		B34A522D1D06D6B400088C6D /* Info.plist */ = {isa = PBXFileReference; lastKnownFileType = text.plist.xml; path = Info.plist; sourceTree = "<group>"; };
		B34A52391D06D74D00088C6D /* FavoritesList.h */ = {isa = PBXFileReference; fileEncoding = 4; lastKnownFileType = sourcecode.c.h; path = FavoritesList.h; sourceTree = "<group>"; };
		B34A523A1D06D74D00088C6D /* FavoritesList.m */ = {isa = PBXFileReference; fileEncoding = 4; lastKnownFileType = sourcecode.c.objc; path = FavoritesList.m; sourceTree = "<group>"; };
		B34A523C1D07187C00088C6D /* RootViewController.h */ = {isa = PBXFileReference; fileEncoding = 4; lastKnownFileType = sourcecode.c.h; path = RootViewController.h; sourceTree = "<group>"; };
		B34A523D1D07187C00088C6D /* RootViewController.m */ = {isa = PBXFileReference; fileEncoding = 4; lastKnownFileType = sourcecode.c.objc; path = RootViewController.m; sourceTree = "<group>"; };
		B34A523F1D09616D00088C6D /* FontListViewController.h */ = {isa = PBXFileReference; fileEncoding = 4; lastKnownFileType = sourcecode.c.h; path = FontListViewController.h; sourceTree = "<group>"; };
		B34A52401D09616D00088C6D /* FontListViewController.m */ = {isa = PBXFileReference; fileEncoding = 4; lastKnownFileType = sourcecode.c.objc; path = FontListViewController.m; sourceTree = "<group>"; };
		B34A52421D09687900088C6D /* FontSizesViewController.h */ = {isa = PBXFileReference; fileEncoding = 4; lastKnownFileType = sourcecode.c.h; path = FontSizesViewController.h; sourceTree = "<group>"; };
		B34A52431D09687900088C6D /* FontSizesViewController.m */ = {isa = PBXFileReference; fileEncoding = 4; lastKnownFileType = sourcecode.c.objc; path = FontSizesViewController.m; sourceTree = "<group>"; };
/* End PBXFileReference section */

/* Begin PBXFrameworksBuildPhase section */
		B34A52001D06D6B300088C6D /* Frameworks */ = {
			isa = PBXFrameworksBuildPhase;
			buildActionMask = 2147483647;
			files = (
			);
			runOnlyForDeploymentPostprocessing = 0;
		};
		B34A52191D06D6B400088C6D /* Frameworks */ = {
			isa = PBXFrameworksBuildPhase;
			buildActionMask = 2147483647;
			files = (
			);
			runOnlyForDeploymentPostprocessing = 0;
		};
		B34A52241D06D6B400088C6D /* Frameworks */ = {
			isa = PBXFrameworksBuildPhase;
			buildActionMask = 2147483647;
			files = (
			);
			runOnlyForDeploymentPostprocessing = 0;
		};
/* End PBXFrameworksBuildPhase section */

/* Begin PBXGroup section */
		B34A51FA1D06D6B300088C6D = {
			isa = PBXGroup;
			children = (
				B34A52051D06D6B300088C6D /* Fonts */,
				B34A521F1D06D6B400088C6D /* FontsTests */,
				B34A522A1D06D6B400088C6D /* FontsUITests */,
				B34A52041D06D6B300088C6D /* Products */,
			);
			sourceTree = "<group>";
		};
		B34A52041D06D6B300088C6D /* Products */ = {
			isa = PBXGroup;
			children = (
				B34A52031D06D6B300088C6D /* Fonts.app */,
				B34A521C1D06D6B400088C6D /* FontsTests.xctest */,
				B34A52271D06D6B400088C6D /* FontsUITests.xctest */,
			);
			name = Products;
			sourceTree = "<group>";
		};
		B34A52051D06D6B300088C6D /* Fonts */ = {
			isa = PBXGroup;
			children = (
				B34A52091D06D6B300088C6D /* AppDelegate.h */,
				B34A520A1D06D6B300088C6D /* AppDelegate.m */,
				B34A520F1D06D6B300088C6D /* Main.storyboard */,
				B34A52421D09687900088C6D /* FontSizesViewController.h */,
				B34A52431D09687900088C6D /* FontSizesViewController.m */,
				B3004C801D0A4B6700420023 /* FontInfoViewController.h */,
				B3004C811D0A4B6700420023 /* FontInfoViewController.m */,
				B34A523C1D07187C00088C6D /* RootViewController.h */,
				B34A523D1D07187C00088C6D /* RootViewController.m */,
				B34A523F1D09616D00088C6D /* FontListViewController.h */,
				B34A52401D09616D00088C6D /* FontListViewController.m */,
				B34A52391D06D74D00088C6D /* FavoritesList.h */,
				B34A523A1D06D74D00088C6D /* FavoritesList.m */,
				B34A52121D06D6B300088C6D /* Assets.xcassets */,
				B34A52141D06D6B300088C6D /* LaunchScreen.storyboard */,
				B34A52171D06D6B300088C6D /* Info.plist */,
				B34A52061D06D6B300088C6D /* Supporting Files */,
			);
			path = Fonts;
			sourceTree = "<group>";
		};
		B34A52061D06D6B300088C6D /* Supporting Files */ = {
			isa = PBXGroup;
			children = (
				B34A52071D06D6B300088C6D /* main.m */,
			);
			name = "Supporting Files";
			sourceTree = "<group>";
		};
		B34A521F1D06D6B400088C6D /* FontsTests */ = {
			isa = PBXGroup;
			children = (
				B34A52201D06D6B400088C6D /* FontsTests.m */,
				B34A52221D06D6B400088C6D /* Info.plist */,
			);
			path = FontsTests;
			sourceTree = "<group>";
		};
		B34A522A1D06D6B400088C6D /* FontsUITests */ = {
			isa = PBXGroup;
			children = (
				B34A522B1D06D6B400088C6D /* FontsUITests.m */,
				B34A522D1D06D6B400088C6D /* Info.plist */,
			);
			path = FontsUITests;
			sourceTree = "<group>";
		};
/* End PBXGroup section */

/* Begin PBXNativeTarget section */
		B34A52021D06D6B300088C6D /* Fonts */ = {
			isa = PBXNativeTarget;
			buildConfigurationList = B34A52301D06D6B400088C6D /* Build configuration list for PBXNativeTarget "Fonts" */;
			buildPhases = (
				B34A51FF1D06D6B300088C6D /* Sources */,
				B34A52001D06D6B300088C6D /* Frameworks */,
				B34A52011D06D6B300088C6D /* Resources */,
			);
			buildRules = (
			);
			dependencies = (
			);
			name = Fonts;
			productName = Fonts;
			productReference = B34A52031D06D6B300088C6D /* Fonts.app */;
			productType = "com.apple.product-type.application";
		};
		B34A521B1D06D6B400088C6D /* FontsTests */ = {
			isa = PBXNativeTarget;
			buildConfigurationList = B34A52331D06D6B400088C6D /* Build configuration list for PBXNativeTarget "FontsTests" */;
			buildPhases = (
				B34A52181D06D6B400088C6D /* Sources */,
				B34A52191D06D6B400088C6D /* Frameworks */,
				B34A521A1D06D6B400088C6D /* Resources */,
			);
			buildRules = (
			);
			dependencies = (
				B34A521E1D06D6B400088C6D /* PBXTargetDependency */,
			);
			name = FontsTests;
			productName = FontsTests;
			productReference = B34A521C1D06D6B400088C6D /* FontsTests.xctest */;
			productType = "com.apple.product-type.bundle.unit-test";
		};
		B34A52261D06D6B400088C6D /* FontsUITests */ = {
			isa = PBXNativeTarget;
			buildConfigurationList = B34A52361D06D6B400088C6D /* Build configuration list for PBXNativeTarget "FontsUITests" */;
			buildPhases = (
				B34A52231D06D6B400088C6D /* Sources */,
				B34A52241D06D6B400088C6D /* Frameworks */,
				B34A52251D06D6B400088C6D /* Resources */,
			);
			buildRules = (
			);
			dependencies = (
				B34A52291D06D6B400088C6D /* PBXTargetDependency */,
			);
			name = FontsUITests;
			productName = FontsUITests;
			productReference = B34A52271D06D6B400088C6D /* FontsUITests.xctest */;
			productType = "com.apple.product-type.bundle.ui-testing";
		};
/* End PBXNativeTarget section */

/* Begin PBXProject section */
		B34A51FB1D06D6B300088C6D /* Project object */ = {
			isa = PBXProject;
			attributes = {
				LastUpgradeCheck = 0730;
				ORGANIZATIONNAME = "Leo Peng";
				TargetAttributes = {
					B34A52021D06D6B300088C6D = {
						CreatedOnToolsVersion = 7.3.1;
						DevelopmentTeam = DE6Z84BVT2;
					};
					B34A521B1D06D6B400088C6D = {
						CreatedOnToolsVersion = 7.3.1;
						DevelopmentTeam = DE6Z84BVT2;
						TestTargetID = B34A52021D06D6B300088C6D;
					};
					B34A52261D06D6B400088C6D = {
						CreatedOnToolsVersion = 7.3.1;
						DevelopmentTeam = DE6Z84BVT2;
						TestTargetID = B34A52021D06D6B300088C6D;
					};
				};
			};
			buildConfigurationList = B34A51FE1D06D6B300088C6D /* Build configuration list for PBXProject "Fonts" */;
			compatibilityVersion = "Xcode 3.2";
			developmentRegion = English;
			hasScannedForEncodings = 0;
			knownRegions = (
				en,
				Base,
			);
			mainGroup = B34A51FA1D06D6B300088C6D;
			productRefGroup = B34A52041D06D6B300088C6D /* Products */;
			projectDirPath = "";
			projectRoot = "";
			targets = (
				B34A52021D06D6B300088C6D /* Fonts */,
				B34A521B1D06D6B400088C6D /* FontsTests */,
				B34A52261D06D6B400088C6D /* FontsUITests */,
			);
		};
/* End PBXProject section */

/* Begin PBXResourcesBuildPhase section */
		B34A52011D06D6B300088C6D /* Resources */ = {
			isa = PBXResourcesBuildPhase;
			buildActionMask = 2147483647;
			files = (
				B34A52161D06D6B300088C6D /* LaunchScreen.storyboard in Resources */,
				B34A52131D06D6B300088C6D /* Assets.xcassets in Resources */,
				B34A52111D06D6B300088C6D /* Main.storyboard in Resources */,
			);
			runOnlyForDeploymentPostprocessing = 0;
		};
		B34A521A1D06D6B400088C6D /* Resources */ = {
			isa = PBXResourcesBuildPhase;
			buildActionMask = 2147483647;
			files = (
			);
			runOnlyForDeploymentPostprocessing = 0;
		};
		B34A52251D06D6B400088C6D /* Resources */ = {
			isa = PBXResourcesBuildPhase;
			buildActionMask = 2147483647;
			files = (
			);
			runOnlyForDeploymentPostprocessing = 0;
		};
/* End PBXResourcesBuildPhase section */

/* Begin PBXSourcesBuildPhase section */
		B34A51FF1D06D6B300088C6D /* Sources */ = {
			isa = PBXSourcesBuildPhase;
			buildActionMask = 2147483647;
			files = (
				B34A52441D09687900088C6D /* FontSizesViewController.m in Sources */,
				B3004C821D0A4B6700420023 /* FontInfoViewController.m in Sources */,
				B34A523B1D06D74D00088C6D /* FavoritesList.m in Sources */,
				B34A520B1D06D6B300088C6D /* AppDelegate.m in Sources */,
				B34A523E1D07187C00088C6D /* RootViewController.m in Sources */,
				B34A52081D06D6B300088C6D /* main.m in Sources */,
				B34A52411D09616D00088C6D /* FontListViewController.m in Sources */,
			);
			runOnlyForDeploymentPostprocessing = 0;
		};
		B34A52181D06D6B400088C6D /* Sources */ = {
			isa = PBXSourcesBuildPhase;
			buildActionMask = 2147483647;
			files = (
				B34A52211D06D6B400088C6D /* FontsTests.m in Sources */,
			);
			runOnlyForDeploymentPostprocessing = 0;
		};
		B34A52231D06D6B400088C6D /* Sources */ = {
			isa = PBXSourcesBuildPhase;
			buildActionMask = 2147483647;
			files = (
				B34A522C1D06D6B400088C6D /* FontsUITests.m in Sources */,
			);
			runOnlyForDeploymentPostprocessing = 0;
		};
/* End PBXSourcesBuildPhase section */

/* Begin PBXTargetDependency section */
		B34A521E1D06D6B400088C6D /* PBXTargetDependency */ = {
			isa = PBXTargetDependency;
			target = B34A52021D06D6B300088C6D /* Fonts */;
			targetProxy = B34A521D1D06D6B400088C6D /* PBXContainerItemProxy */;
		};
		B34A52291D06D6B400088C6D /* PBXTargetDependency */ = {
			isa = PBXTargetDependency;
			target = B34A52021D06D6B300088C6D /* Fonts */;
			targetProxy = B34A52281D06D6B400088C6D /* PBXContainerItemProxy */;
		};
/* End PBXTargetDependency section */

/* Begin PBXVariantGroup section */
		B34A520F1D06D6B300088C6D /* Main.storyboard */ = {
			isa = PBXVariantGroup;
			children = (
				B34A52101D06D6B300088C6D /* Base */,
			);
			name = Main.storyboard;
			sourceTree = "<group>";
		};
		B34A52141D06D6B300088C6D /* LaunchScreen.storyboard */ = {
			isa = PBXVariantGroup;
			children = (
				B34A52151D06D6B300088C6D /* Base */,
			);
			name = LaunchScreen.storyboard;
			sourceTree = "<group>";
		};
/* End PBXVariantGroup section */

/* Begin XCBuildConfiguration section */
		B34A522E1D06D6B400088C6D /* Debug */ = {
			isa = XCBuildConfiguration;
			buildSettings = {
				ALWAYS_SEARCH_USER_PATHS = NO;
				CLANG_ANALYZER_NONNULL = YES;
				CLANG_CXX_LANGUAGE_STANDARD = "gnu++0x";
				CLANG_CXX_LIBRARY = "libc++";
				CLANG_ENABLE_MODULES = YES;
				CLANG_ENABLE_OBJC_ARC = YES;
				CLANG_WARN_BOOL_CONVERSION = YES;
				CLANG_WARN_CONSTANT_CONVERSION = YES;
				CLANG_WARN_DIRECT_OBJC_ISA_USAGE = YES_ERROR;
				CLANG_WARN_EMPTY_BODY = YES;
				CLANG_WARN_ENUM_CONVERSION = YES;
				CLANG_WARN_INT_CONVERSION = YES;
				CLANG_WARN_OBJC_ROOT_CLASS = YES_ERROR;
				CLANG_WARN_UNREACHABLE_CODE = YES;
				CLANG_WARN__DUPLICATE_METHOD_MATCH = YES;
				"CODE_SIGN_IDENTITY[sdk=iphoneos*]" = "iPhone Developer";
				COPY_PHASE_STRIP = NO;
				DEBUG_INFORMATION_FORMAT = dwarf;
				ENABLE_STRICT_OBJC_MSGSEND = YES;
				ENABLE_TESTABILITY = YES;
				GCC_C_LANGUAGE_STANDARD = gnu99;
				GCC_DYNAMIC_NO_PIC = NO;
				GCC_NO_COMMON_BLOCKS = YES;
				GCC_OPTIMIZATION_LEVEL = 0;
				GCC_PREPROCESSOR_DEFINITIONS = (
					"DEBUG=1",
					"$(inherited)",
				);
				GCC_WARN_64_TO_32_BIT_CONVERSION = YES;
				GCC_WARN_ABOUT_RETURN_TYPE = YES_ERROR;
				GCC_WARN_UNDECLARED_SELECTOR = YES;
				GCC_WARN_UNINITIALIZED_AUTOS = YES_AGGRESSIVE;
				GCC_WARN_UNUSED_FUNCTION = YES;
				GCC_WARN_UNUSED_VARIABLE = YES;
				IPHONEOS_DEPLOYMENT_TARGET = 9.3;
				MTL_ENABLE_DEBUG_INFO = YES;
				ONLY_ACTIVE_ARCH = YES;
				SDKROOT = iphoneos;
				TARGETED_DEVICE_FAMILY = "1,2";
			};
			name = Debug;
		};
		B34A522F1D06D6B400088C6D /* Release */ = {
			isa = XCBuildConfiguration;
			buildSettings = {
				ALWAYS_SEARCH_USER_PATHS = NO;
				CLANG_ANALYZER_NONNULL = YES;
				CLANG_CXX_LANGUAGE_STANDARD = "gnu++0x";
				CLANG_CXX_LIBRARY = "libc++";
				CLANG_ENABLE_MODULES = YES;
				CLANG_ENABLE_OBJC_ARC = YES;
				CLANG_WARN_BOOL_CONVERSION = YES;
				CLANG_WARN_CONSTANT_CONVERSION = YES;
				CLANG_WARN_DIRECT_OBJC_ISA_USAGE = YES_ERROR;
				CLANG_WARN_EMPTY_BODY = YES;
				CLANG_WARN_ENUM_CONVERSION = YES;
				CLANG_WARN_INT_CONVERSION = YES;
				CLANG_WARN_OBJC_ROOT_CLASS = YES_ERROR;
				CLANG_WARN_UNREACHABLE_CODE = YES;
				CLANG_WARN__DUPLICATE_METHOD_MATCH = YES;
				"CODE_SIGN_IDENTITY[sdk=iphoneos*]" = "iPhone Developer";
				COPY_PHASE_STRIP = NO;
				DEBUG_INFORMATION_FORMAT = "dwarf-with-dsym";
				ENABLE_NS_ASSERTIONS = NO;
				ENABLE_STRICT_OBJC_MSGSEND = YES;
				GCC_C_LANGUAGE_STANDARD = gnu99;
				GCC_NO_COMMON_BLOCKS = YES;
				GCC_WARN_64_TO_32_BIT_CONVERSION = YES;
				GCC_WARN_ABOUT_RETURN_TYPE = YES_ERROR;
				GCC_WARN_UNDECLARED_SELECTOR = YES;
				GCC_WARN_UNINITIALIZED_AUTOS = YES_AGGRESSIVE;
				GCC_WARN_UNUSED_FUNCTION = YES;
				GCC_WARN_UNUSED_VARIABLE = YES;
				IPHONEOS_DEPLOYMENT_TARGET = 9.3;
				MTL_ENABLE_DEBUG_INFO = NO;
				SDKROOT = iphoneos;
				TARGETED_DEVICE_FAMILY = "1,2";
				VALIDATE_PRODUCT = YES;
			};
			name = Release;
		};
		B34A52311D06D6B400088C6D /* Debug */ = {
			isa = XCBuildConfiguration;
			buildSettings = {
				ASSETCATALOG_COMPILER_APPICON_NAME = AppIcon;
				INFOPLIST_FILE = Fonts/Info.plist;
				LD_RUNPATH_SEARCH_PATHS = "$(inherited) @executable_path/Frameworks";
				PRODUCT_BUNDLE_IDENTIFIER = buaa.Fonts;
				PRODUCT_NAME = "$(TARGET_NAME)";
			};
			name = Debug;
		};
		B34A52321D06D6B400088C6D /* Release */ = {
			isa = XCBuildConfiguration;
			buildSettings = {
				ASSETCATALOG_COMPILER_APPICON_NAME = AppIcon;
				INFOPLIST_FILE = Fonts/Info.plist;
				LD_RUNPATH_SEARCH_PATHS = "$(inherited) @executable_path/Frameworks";
				PRODUCT_BUNDLE_IDENTIFIER = buaa.Fonts;
				PRODUCT_NAME = "$(TARGET_NAME)";
			};
			name = Release;
		};
		B34A52341D06D6B400088C6D /* Debug */ = {
			isa = XCBuildConfiguration;
			buildSettings = {
				BUNDLE_LOADER = "$(TEST_HOST)";
				INFOPLIST_FILE = FontsTests/Info.plist;
				LD_RUNPATH_SEARCH_PATHS = "$(inherited) @executable_path/Frameworks @loader_path/Frameworks";
				PRODUCT_BUNDLE_IDENTIFIER = buaa.FontsTests;
				PRODUCT_NAME = "$(TARGET_NAME)";
				TEST_HOST = "$(BUILT_PRODUCTS_DIR)/Fonts.app/Fonts";
			};
			name = Debug;
		};
		B34A52351D06D6B400088C6D /* Release */ = {
			isa = XCBuildConfiguration;
			buildSettings = {
				BUNDLE_LOADER = "$(TEST_HOST)";
				INFOPLIST_FILE = FontsTests/Info.plist;
				LD_RUNPATH_SEARCH_PATHS = "$(inherited) @executable_path/Frameworks @loader_path/Frameworks";
				PRODUCT_BUNDLE_IDENTIFIER = buaa.FontsTests;
				PRODUCT_NAME = "$(TARGET_NAME)";
				TEST_HOST = "$(BUILT_PRODUCTS_DIR)/Fonts.app/Fonts";
			};
			name = Release;
		};
		B34A52371D06D6B400088C6D /* Debug */ = {
			isa = XCBuildConfiguration;
			buildSettings = {
				INFOPLIST_FILE = FontsUITests/Info.plist;
				LD_RUNPATH_SEARCH_PATHS = "$(inherited) @executable_path/Frameworks @loader_path/Frameworks";
				PRODUCT_BUNDLE_IDENTIFIER = buaa.FontsUITests;
				PRODUCT_NAME = "$(TARGET_NAME)";
				TEST_TARGET_NAME = Fonts;
			};
			name = Debug;
		};
		B34A52381D06D6B400088C6D /* Release */ = {
			isa = XCBuildConfiguration;
			buildSettings = {
				INFOPLIST_FILE = FontsUITests/Info.plist;
				LD_RUNPATH_SEARCH_PATHS = "$(inherited) @executable_path/Frameworks @loader_path/Frameworks";
				PRODUCT_BUNDLE_IDENTIFIER = buaa.FontsUITests;
				PRODUCT_NAME = "$(TARGET_NAME)";
				TEST_TARGET_NAME = Fonts;
			};
			name = Release;
		};
/* End XCBuildConfiguration section */

/* Begin XCConfigurationList section */
		B34A51FE1D06D6B300088C6D /* Build configuration list for PBXProject "Fonts" */ = {
			isa = XCConfigurationList;
			buildConfigurations = (
				B34A522E1D06D6B400088C6D /* Debug */,
				B34A522F1D06D6B400088C6D /* Release */,
			);
			defaultConfigurationIsVisible = 0;
			defaultConfigurationName = Release;
		};
		B34A52301D06D6B400088C6D /* Build configuration list for PBXNativeTarget "Fonts" */ = {
			isa = XCConfigurationList;
			buildConfigurations = (
				B34A52311D06D6B400088C6D /* Debug */,
				B34A52321D06D6B400088C6D /* Release */,
			);
			defaultConfigurationIsVisible = 0;
			defaultConfigurationName = Release;
		};
		B34A52331D06D6B400088C6D /* Build configuration list for PBXNativeTarget "FontsTests" */ = {
			isa = XCConfigurationList;
			buildConfigurations = (
				B34A52341D06D6B400088C6D /* Debug */,
				B34A52351D06D6B400088C6D /* Release */,
			);
			defaultConfigurationIsVisible = 0;
			defaultConfigurationName = Release;
		};
		B34A52361D06D6B400088C6D /* Build configuration list for PBXNativeTarget "FontsUITests" */ = {
			isa = XCConfigurationList;
			buildConfigurations = (
				B34A52371D06D6B400088C6D /* Debug */,
				B34A52381D06D6B400088C6D /* Release */,
			);
			defaultConfigurationIsVisible = 0;
			defaultConfigurationName = Release;
		};
/* End XCConfigurationList section */
	};
	rootObject = B34A51FB1D06D6B300088C6D /* Project object */;
}
